// !$*UTF8*$!
{
	archiveVersion = 1;
	classes = {
	};
	objectVersion = 52;
	objects = {

/* Begin PBXBuildFile section */
		6E2F5F002427076900DCA43B /* FormView.swift in Sources */ = {isa = PBXBuildFile; fileRef = 6E2F5EFF2427076900DCA43B /* FormView.swift */; };
		6E2F5F02242975D200DCA43B /* NewEntryButton.swift in Sources */ = {isa = PBXBuildFile; fileRef = 6E2F5F01242975D200DCA43B /* NewEntryButton.swift */; };
		6E3AFF222457F6340097951A /* BloodSpikes.swift in Sources */ = {isa = PBXBuildFile; fileRef = 6E3AFF212457F6340097951A /* BloodSpikes.swift */; };
		6E572499244E4F5800F48443 /* SwiftUICharts in Frameworks */ = {isa = PBXBuildFile; productRef = 6E572498244E4F5800F48443 /* SwiftUICharts */; };
		6EDDEC45243948A3000C7BD5 /* MealCell.swift in Sources */ = {isa = PBXBuildFile; fileRef = 6EDDEC44243948A3000C7BD5 /* MealCell.swift */; };
		6EE4545C243CCF3900D58123 /* Insights.swift in Sources */ = {isa = PBXBuildFile; fileRef = 6EE4545B243CCF3900D58123 /* Insights.swift */; };
		6EE4545E243CCFCE00D58123 /* AppView.swift in Sources */ = {isa = PBXBuildFile; fileRef = 6EE4545D243CCFCE00D58123 /* AppView.swift */; };
		6EF2B57624193FD90047ACE3 /* AppDelegate.swift in Sources */ = {isa = PBXBuildFile; fileRef = 6EF2B57524193FD90047ACE3 /* AppDelegate.swift */; };
		6EF2B57824193FD90047ACE3 /* SceneDelegate.swift in Sources */ = {isa = PBXBuildFile; fileRef = 6EF2B57724193FD90047ACE3 /* SceneDelegate.swift */; };
		6EF2B57A24193FD90047ACE3 /* ContentView.swift in Sources */ = {isa = PBXBuildFile; fileRef = 6EF2B57924193FD90047ACE3 /* ContentView.swift */; };
		6EF2B57C24193FDB0047ACE3 /* Assets.xcassets in Resources */ = {isa = PBXBuildFile; fileRef = 6EF2B57B24193FDB0047ACE3 /* Assets.xcassets */; };
		6EF2B57F24193FDB0047ACE3 /* Preview Assets.xcassets in Resources */ = {isa = PBXBuildFile; fileRef = 6EF2B57E24193FDB0047ACE3 /* Preview Assets.xcassets */; };
		6EF2B58224193FDB0047ACE3 /* LaunchScreen.storyboard in Resources */ = {isa = PBXBuildFile; fileRef = 6EF2B58024193FDB0047ACE3 /* LaunchScreen.storyboard */; };
		6EF2B58A2419C82D0047ACE3 /* DetailsView.swift in Sources */ = {isa = PBXBuildFile; fileRef = 6EF2B5892419C82D0047ACE3 /* DetailsView.swift */; };
/* End PBXBuildFile section */

/* Begin PBXFileReference section */
		6E2F5EFF2427076900DCA43B /* FormView.swift */ = {isa = PBXFileReference; lastKnownFileType = sourcecode.swift; path = FormView.swift; sourceTree = "<group>"; };
		6E2F5F01242975D200DCA43B /* NewEntryButton.swift */ = {isa = PBXFileReference; lastKnownFileType = sourcecode.swift; path = NewEntryButton.swift; sourceTree = "<group>"; };
		6E3AFF212457F6340097951A /* BloodSpikes.swift */ = {isa = PBXFileReference; lastKnownFileType = sourcecode.swift; path = BloodSpikes.swift; sourceTree = "<group>"; };
		6EDDEC44243948A3000C7BD5 /* MealCell.swift */ = {isa = PBXFileReference; lastKnownFileType = sourcecode.swift; path = MealCell.swift; sourceTree = "<group>"; };
		6EE4545B243CCF3900D58123 /* Insights.swift */ = {isa = PBXFileReference; lastKnownFileType = sourcecode.swift; path = Insights.swift; sourceTree = "<group>"; };
		6EE4545D243CCFCE00D58123 /* AppView.swift */ = {isa = PBXFileReference; lastKnownFileType = sourcecode.swift; path = AppView.swift; sourceTree = "<group>"; };
		6EF2B57224193FD90047ACE3 /* FoodList.app */ = {isa = PBXFileReference; explicitFileType = wrapper.application; includeInIndex = 0; path = FoodList.app; sourceTree = BUILT_PRODUCTS_DIR; };
		6EF2B57524193FD90047ACE3 /* AppDelegate.swift */ = {isa = PBXFileReference; lastKnownFileType = sourcecode.swift; path = AppDelegate.swift; sourceTree = "<group>"; };
		6EF2B57724193FD90047ACE3 /* SceneDelegate.swift */ = {isa = PBXFileReference; lastKnownFileType = sourcecode.swift; path = SceneDelegate.swift; sourceTree = "<group>"; };
		6EF2B57924193FD90047ACE3 /* ContentView.swift */ = {isa = PBXFileReference; lastKnownFileType = sourcecode.swift; path = ContentView.swift; sourceTree = "<group>"; };
		6EF2B57B24193FDB0047ACE3 /* Assets.xcassets */ = {isa = PBXFileReference; lastKnownFileType = folder.assetcatalog; path = Assets.xcassets; sourceTree = "<group>"; };
		6EF2B57E24193FDB0047ACE3 /* Preview Assets.xcassets */ = {isa = PBXFileReference; lastKnownFileType = folder.assetcatalog; path = "Preview Assets.xcassets"; sourceTree = "<group>"; };
		6EF2B58124193FDB0047ACE3 /* Base */ = {isa = PBXFileReference; lastKnownFileType = file.storyboard; name = Base; path = Base.lproj/LaunchScreen.storyboard; sourceTree = "<group>"; };
		6EF2B58324193FDB0047ACE3 /* Info.plist */ = {isa = PBXFileReference; lastKnownFileType = text.plist.xml; path = Info.plist; sourceTree = "<group>"; };
		6EF2B5892419C82D0047ACE3 /* DetailsView.swift */ = {isa = PBXFileReference; lastKnownFileType = sourcecode.swift; path = DetailsView.swift; sourceTree = "<group>"; };
/* End PBXFileReference section */

/* Begin PBXFrameworksBuildPhase section */
		6EF2B56F24193FD90047ACE3 /* Frameworks */ = {
			isa = PBXFrameworksBuildPhase;
			buildActionMask = 2147483647;
			files = (
				6E572499244E4F5800F48443 /* SwiftUICharts in Frameworks */,
			);
			runOnlyForDeploymentPostprocessing = 0;
		};
/* End PBXFrameworksBuildPhase section */

/* Begin PBXGroup section */
		6EF2B56924193FD90047ACE3 = {
			isa = PBXGroup;
			children = (
				6EF2B57424193FD90047ACE3 /* FoodList */,
				6EF2B57324193FD90047ACE3 /* Products */,
			);
			sourceTree = "<group>";
		};
		6EF2B57324193FD90047ACE3 /* Products */ = {
			isa = PBXGroup;
			children = (
				6EF2B57224193FD90047ACE3 /* FoodList.app */,
			);
			name = Products;
			sourceTree = "<group>";
		};
		6EF2B57424193FD90047ACE3 /* FoodList */ = {
			isa = PBXGroup;
			children = (
				6EF2B57524193FD90047ACE3 /* AppDelegate.swift */,
				6EF2B57724193FD90047ACE3 /* SceneDelegate.swift */,
				6E3AFF212457F6340097951A /* BloodSpikes.swift */,
				6EF2B57924193FD90047ACE3 /* ContentView.swift */,
				6EF2B5892419C82D0047ACE3 /* DetailsView.swift */,
				6E2F5F01242975D200DCA43B /* NewEntryButton.swift */,
				6EE4545D243CCFCE00D58123 /* AppView.swift */,
				6EE4545B243CCF3900D58123 /* Insights.swift */,
				6EDDEC44243948A3000C7BD5 /* MealCell.swift */,
				6EF2B57B24193FDB0047ACE3 /* Assets.xcassets */,
				6E2F5EFF2427076900DCA43B /* FormView.swift */,
				6EF2B58024193FDB0047ACE3 /* LaunchScreen.storyboard */,
				6EF2B58324193FDB0047ACE3 /* Info.plist */,
				6EF2B57D24193FDB0047ACE3 /* Preview Content */,
			);
			path = FoodList;
			sourceTree = "<group>";
		};
		6EF2B57D24193FDB0047ACE3 /* Preview Content */ = {
			isa = PBXGroup;
			children = (
				6EF2B57E24193FDB0047ACE3 /* Preview Assets.xcassets */,
			);
			path = "Preview Content";
			sourceTree = "<group>";
		};
/* End PBXGroup section */

/* Begin PBXNativeTarget section */
		6EF2B57124193FD90047ACE3 /* FoodList */ = {
			isa = PBXNativeTarget;
			buildConfigurationList = 6EF2B58624193FDB0047ACE3 /* Build configuration list for PBXNativeTarget "FoodList" */;
			buildPhases = (
				6EF2B56E24193FD90047ACE3 /* Sources */,
				6EF2B56F24193FD90047ACE3 /* Frameworks */,
				6EF2B57024193FD90047ACE3 /* Resources */,
			);
			buildRules = (
			);
			dependencies = (
			);
			name = FoodList;
			packageProductDependencies = (
				6E572498244E4F5800F48443 /* SwiftUICharts */,
			);
			productName = FoodList;
			productReference = 6EF2B57224193FD90047ACE3 /* FoodList.app */;
			productType = "com.apple.product-type.application";
		};
/* End PBXNativeTarget section */

/* Begin PBXProject section */
		6EF2B56A24193FD90047ACE3 /* Project object */ = {
			isa = PBXProject;
			attributes = {
				LastSwiftUpdateCheck = 1130;
				LastUpgradeCheck = 1130;
				ORGANIZATIONNAME = khensuraloveel;
				TargetAttributes = {
					6EF2B57124193FD90047ACE3 = {
						CreatedOnToolsVersion = 11.3.1;
					};
				};
			};
			buildConfigurationList = 6EF2B56D24193FD90047ACE3 /* Build configuration list for PBXProject "FoodList" */;
			compatibilityVersion = "Xcode 9.3";
			developmentRegion = en;
			hasScannedForEncodings = 0;
			knownRegions = (
				en,
				Base,
			);
			mainGroup = 6EF2B56924193FD90047ACE3;
			packageReferences = (
				6E572497244E4F5700F48443 /* XCRemoteSwiftPackageReference "ChartView" */,
			);
			productRefGroup = 6EF2B57324193FD90047ACE3 /* Products */;
			projectDirPath = "";
			projectRoot = "";
			targets = (
				6EF2B57124193FD90047ACE3 /* FoodList */,
			);
		};
/* End PBXProject section */

/* Begin PBXResourcesBuildPhase section */
		6EF2B57024193FD90047ACE3 /* Resources */ = {
			isa = PBXResourcesBuildPhase;
			buildActionMask = 2147483647;
			files = (
				6EF2B58224193FDB0047ACE3 /* LaunchScreen.storyboard in Resources */,
				6EF2B57F24193FDB0047ACE3 /* Preview Assets.xcassets in Resources */,
				6EF2B57C24193FDB0047ACE3 /* Assets.xcassets in Resources */,
			);
			runOnlyForDeploymentPostprocessing = 0;
		};
/* End PBXResourcesBuildPhase section */

/* Begin PBXSourcesBuildPhase section */
		6EF2B56E24193FD90047ACE3 /* Sources */ = {
			isa = PBXSourcesBuildPhase;
			buildActionMask = 2147483647;
			files = (
				6EF2B57624193FD90047ACE3 /* AppDelegate.swift in Sources */,
				6E2F5F02242975D200DCA43B /* NewEntryButton.swift in Sources */,
				6EE4545E243CCFCE00D58123 /* AppView.swift in Sources */,
				6EF2B58A2419C82D0047ACE3 /* DetailsView.swift in Sources */,
				6EE4545C243CCF3900D58123 /* Insights.swift in Sources */,
				6E3AFF222457F6340097951A /* BloodSpikes.swift in Sources */,
				6EDDEC45243948A3000C7BD5 /* MealCell.swift in Sources */,
				6E2F5F002427076900DCA43B /* FormView.swift in Sources */,
				6EF2B57824193FD90047ACE3 /* SceneDelegate.swift in Sources */,
				6EF2B57A24193FD90047ACE3 /* ContentView.swift in Sources */,
			);
			runOnlyForDeploymentPostprocessing = 0;
		};
/* End PBXSourcesBuildPhase section */

/* Begin PBXVariantGroup section */
		6EF2B58024193FDB0047ACE3 /* LaunchScreen.storyboard */ = {
			isa = PBXVariantGroup;
			children = (
				6EF2B58124193FDB0047ACE3 /* Base */,
			);
			name = LaunchScreen.storyboard;
			sourceTree = "<group>";
		};
/* End PBXVariantGroup section */

/* Begin XCBuildConfiguration section */
		6EF2B58424193FDB0047ACE3 /* Debug */ = {
			isa = XCBuildConfiguration;
			buildSettings = {
				ALWAYS_SEARCH_USER_PATHS = NO;
				CLANG_ANALYZER_NONNULL = YES;
				CLANG_ANALYZER_NUMBER_OBJECT_CONVERSION = YES_AGGRESSIVE;
				CLANG_CXX_LANGUAGE_STANDARD = "gnu++14";
				CLANG_CXX_LIBRARY = "libc++";
				CLANG_ENABLE_MODULES = YES;
				CLANG_ENABLE_OBJC_ARC = YES;
				CLANG_ENABLE_OBJC_WEAK = YES;
				CLANG_WARN_BLOCK_CAPTURE_AUTORELEASING = YES;
				CLANG_WARN_BOOL_CONVERSION = YES;
				CLANG_WARN_COMMA = YES;
				CLANG_WARN_CONSTANT_CONVERSION = YES;
				CLANG_WARN_DEPRECATED_OBJC_IMPLEMENTATIONS = YES;
				CLANG_WARN_DIRECT_OBJC_ISA_USAGE = YES_ERROR;
				CLANG_WARN_DOCUMENTATION_COMMENTS = YES;
				CLANG_WARN_EMPTY_BODY = YES;
				CLANG_WARN_ENUM_CONVERSION = YES;
				CLANG_WARN_INFINITE_RECURSION = YES;
				CLANG_WARN_INT_CONVERSION = YES;
				CLANG_WARN_NON_LITERAL_NULL_CONVERSION = YES;
				CLANG_WARN_OBJC_IMPLICIT_RETAIN_SELF = YES;
				CLANG_WARN_OBJC_LITERAL_CONVERSION = YES;
				CLANG_WARN_OBJC_ROOT_CLASS = YES_ERROR;
				CLANG_WARN_RANGE_LOOP_ANALYSIS = YES;
				CLANG_WARN_STRICT_PROTOTYPES = YES;
				CLANG_WARN_SUSPICIOUS_MOVE = YES;
				CLANG_WARN_UNGUARDED_AVAILABILITY = YES_AGGRESSIVE;
				CLANG_WARN_UNREACHABLE_CODE = YES;
				CLANG_WARN__DUPLICATE_METHOD_MATCH = YES;
				COPY_PHASE_STRIP = NO;
				DEBUG_INFORMATION_FORMAT = dwarf;
				ENABLE_STRICT_OBJC_MSGSEND = YES;
				ENABLE_TESTABILITY = YES;
				GCC_C_LANGUAGE_STANDARD = gnu11;
				GCC_DYNAMIC_NO_PIC = NO;
				GCC_NO_COMMON_BLOCKS = YES;
				GCC_OPTIMIZATION_LEVEL = 0;
				GCC_PREPROCESSOR_DEFINITIONS = (
					"DEBUG=1",
					"$(inherited)",
				);
				GCC_WARN_64_TO_32_BIT_CONVERSION = YES;
				GCC_WARN_ABOUT_RETURN_TYPE = YES_ERROR;
				GCC_WARN_UNDECLARED_SELECTOR = YES;
				GCC_WARN_UNINITIALIZED_AUTOS = YES_AGGRESSIVE;
				GCC_WARN_UNUSED_FUNCTION = YES;
				GCC_WARN_UNUSED_VARIABLE = YES;
				IPHONEOS_DEPLOYMENT_TARGET = 13.2;
				MTL_ENABLE_DEBUG_INFO = INCLUDE_SOURCE;
				MTL_FAST_MATH = YES;
				ONLY_ACTIVE_ARCH = YES;
				SDKROOT = iphoneos;
				SWIFT_ACTIVE_COMPILATION_CONDITIONS = DEBUG;
				SWIFT_OPTIMIZATION_LEVEL = "-Onone";
			};
			name = Debug;
		};
		6EF2B58524193FDB0047ACE3 /* Release */ = {
			isa = XCBuildConfiguration;
			buildSettings = {
				ALWAYS_SEARCH_USER_PATHS = NO;
				CLANG_ANALYZER_NONNULL = YES;
				CLANG_ANALYZER_NUMBER_OBJECT_CONVERSION = YES_AGGRESSIVE;
				CLANG_CXX_LANGUAGE_STANDARD = "gnu++14";
				CLANG_CXX_LIBRARY = "libc++";
				CLANG_ENABLE_MODULES = YES;
				CLANG_ENABLE_OBJC_ARC = YES;
				CLANG_ENABLE_OBJC_WEAK = YES;
				CLANG_WARN_BLOCK_CAPTURE_AUTORELEASING = YES;
				CLANG_WARN_BOOL_CONVERSION = YES;
				CLANG_WARN_COMMA = YES;
				CLANG_WARN_CONSTANT_CONVERSION = YES;
				CLANG_WARN_DEPRECATED_OBJC_IMPLEMENTATIONS = YES;
				CLANG_WARN_DIRECT_OBJC_ISA_USAGE = YES_ERROR;
				CLANG_WARN_DOCUMENTATION_COMMENTS = YES;
				CLANG_WARN_EMPTY_BODY = YES;
				CLANG_WARN_ENUM_CONVERSION = YES;
				CLANG_WARN_INFINITE_RECURSION = YES;
				CLANG_WARN_INT_CONVERSION = YES;
				CLANG_WARN_NON_LITERAL_NULL_CONVERSION = YES;
				CLANG_WARN_OBJC_IMPLICIT_RETAIN_SELF = YES;
				CLANG_WARN_OBJC_LITERAL_CONVERSION = YES;
				CLANG_WARN_OBJC_ROOT_CLASS = YES_ERROR;
				CLANG_WARN_RANGE_LOOP_ANALYSIS = YES;
				CLANG_WARN_STRICT_PROTOTYPES = YES;
				CLANG_WARN_SUSPICIOUS_MOVE = YES;
				CLANG_WARN_UNGUARDED_AVAILABILITY = YES_AGGRESSIVE;
				CLANG_WARN_UNREACHABLE_CODE = YES;
				CLANG_WARN__DUPLICATE_METHOD_MATCH = YES;
				COPY_PHASE_STRIP = NO;
				DEBUG_INFORMATION_FORMAT = "dwarf-with-dsym";
				ENABLE_NS_ASSERTIONS = NO;
				ENABLE_STRICT_OBJC_MSGSEND = YES;
				GCC_C_LANGUAGE_STANDARD = gnu11;
				GCC_NO_COMMON_BLOCKS = YES;
				GCC_WARN_64_TO_32_BIT_CONVERSION = YES;
				GCC_WARN_ABOUT_RETURN_TYPE = YES_ERROR;
				GCC_WARN_UNDECLARED_SELECTOR = YES;
				GCC_WARN_UNINITIALIZED_AUTOS = YES_AGGRESSIVE;
				GCC_WARN_UNUSED_FUNCTION = YES;
				GCC_WARN_UNUSED_VARIABLE = YES;
				IPHONEOS_DEPLOYMENT_TARGET = 13.2;
				MTL_ENABLE_DEBUG_INFO = NO;
				MTL_FAST_MATH = YES;
				SDKROOT = iphoneos;
				SWIFT_COMPILATION_MODE = wholemodule;
				SWIFT_OPTIMIZATION_LEVEL = "-O";
				VALIDATE_PRODUCT = YES;
			};
			name = Release;
		};
		6EF2B58724193FDB0047ACE3 /* Debug */ = {
			isa = XCBuildConfiguration;
			buildSettings = {
				ASSETCATALOG_COMPILER_APPICON_NAME = AppIcon;
				CODE_SIGN_STYLE = Automatic;
				DEVELOPMENT_ASSET_PATHS = "\"FoodList/Preview Content\"";
				DEVELOPMENT_TEAM = 9U8B84CL7Y;
				ENABLE_PREVIEWS = YES;
				INFOPLIST_FILE = FoodList/Info.plist;
				LD_RUNPATH_SEARCH_PATHS = (
					"$(inherited)",
					"@executable_path/Frameworks",
				);
				PRODUCT_BUNDLE_IDENTIFIER = com.khensuraloveel.FoodList;
				PRODUCT_NAME = "$(TARGET_NAME)";
				SWIFT_VERSION = 5.0;
				TARGETED_DEVICE_FAMILY = "1,2";
			};
			name = Debug;
		};
		6EF2B58824193FDB0047ACE3 /* Release */ = {
			isa = XCBuildConfiguration;
			buildSettings = {
				ASSETCATALOG_COMPILER_APPICON_NAME = AppIcon;
				CODE_SIGN_STYLE = Automatic;
				DEVELOPMENT_ASSET_PATHS = "\"FoodList/Preview Content\"";
				DEVELOPMENT_TEAM = FAGWR3VRS6;
				ENABLE_PREVIEWS = YES;
				INFOPLIST_FILE = FoodList/Info.plist;
				LD_RUNPATH_SEARCH_PATHS = (
					"$(inherited)",
					"@executable_path/Frameworks",
				);
				PRODUCT_BUNDLE_IDENTIFIER = com.khensuraloveel.FoodList;
				PRODUCT_NAME = "$(TARGET_NAME)";
				SWIFT_VERSION = 5.0;
				TARGETED_DEVICE_FAMILY = "1,2";
			};
			name = Release;
		};
/* End XCBuildConfiguration section */

/* Begin XCConfigurationList section */
		6EF2B56D24193FD90047ACE3 /* Build configuration list for PBXProject "FoodList" */ = {
			isa = XCConfigurationList;
			buildConfigurations = (
				6EF2B58424193FDB0047ACE3 /* Debug */,
				6EF2B58524193FDB0047ACE3 /* Release */,
			);
			defaultConfigurationIsVisible = 0;
			defaultConfigurationName = Release;
		};
		6EF2B58624193FDB0047ACE3 /* Build configuration list for PBXNativeTarget "FoodList" */ = {
			isa = XCConfigurationList;
			buildConfigurations = (
				6EF2B58724193FDB0047ACE3 /* Debug */,
				6EF2B58824193FDB0047ACE3 /* Release */,
			);
			defaultConfigurationIsVisible = 0;
			defaultConfigurationName = Release;
		};
/* End XCConfigurationList section */

/* Begin XCRemoteSwiftPackageReference section */
		6E572497244E4F5700F48443 /* XCRemoteSwiftPackageReference "ChartView" */ = {
			isa = XCRemoteSwiftPackageReference;
			repositoryURL = "https://github.com/AppPear/ChartView";
			requirement = {
				kind = upToNextMajorVersion;
				minimumVersion = 1.5.0;
			};
		};
/* End XCRemoteSwiftPackageReference section */

/* Begin XCSwiftPackageProductDependency section */
		6E572498244E4F5800F48443 /* SwiftUICharts */ = {
			isa = XCSwiftPackageProductDependency;
			package = 6E572497244E4F5700F48443 /* XCRemoteSwiftPackageReference "ChartView" */;
			productName = SwiftUICharts;
		};
/* End XCSwiftPackageProductDependency section */
	};
	rootObject = 6EF2B56A24193FD90047ACE3 /* Project object */;
}
